
Microsoft Visual Studio Solution File, Format Version 12.00
# Visual Studio Version 16
VisualStudioVersion = 16.0.31313.79
MinimumVisualStudioVersion = 10.0.40219.1
Project("{FAE04EC0-301F-11D3-BF4B-00C04F79EFBC}") = "ClientDemoExercise1", "ClientDemo1\ClientDemoExercise1.csproj", "{4B6EC80B-2445-4052-81F4-3F8A7DB08CAA}"
EndProject
Project("{FAE04EC0-301F-11D3-BF4B-00C04F79EFBC}") = "ClientDemoExercise2", "ClientDemoExercise2\ClientDemoExercise2.csproj", "{3BEF2366-A005-434E-BD1E-B31603C0A444}"
EndProject
Global
	GlobalSection(SolutionConfigurationPlatforms) = preSolution
		Debug|Any CPU = Debug|Any CPU
		Release|Any CPU = Release|Any CPU
	EndGlobalSection
	GlobalSection(ProjectConfigurationPlatforms) = postSolution
		{4B6EC80B-2445-4052-81F4-3F8A7DB08CAA}.Debug|Any CPU.ActiveCfg = Debug|Any CPU
		{4B6EC80B-2445-4052-81F4-3F8A7DB08CAA}.Debug|Any CPU.Build.0 = Debug|Any CPU
		{4B6EC80B-2445-4052-81F4-3F8A7DB08CAA}.Release|Any CPU.ActiveCfg = Release|Any CPU
		{4B6EC80B-2445-4052-81F4-3F8A7DB08CAA}.Release|Any CPU.Build.0 = Release|Any CPU
		{3BEF2366-A005-434E-BD1E-B31603C0A444}.Debug|Any CPU.ActiveCfg = Debug|Any CPU
		{3BEF2366-A005-434E-BD1E-B31603C0A444}.Debug|Any CPU.Build.0 = Debug|Any CPU
		{3BEF2366-A005-434E-BD1E-B31603C0A444}.Release|Any CPU.ActiveCfg = Release|Any CPU
		{3BEF2366-A005-434E-BD1E-B31603C0A444}.Release|Any CPU.Build.0 = Release|Any CPU
	EndGlobalSection
	GlobalSection(SolutionProperties) = preSolution
		HideSolutionNode = FALSE
	EndGlobalSection
	GlobalSection(ExtensibilityGlobals) = postSolution
		SolutionGuid = {4DA597E4-8829-4B8D-B58A-9F81FD36B742}
	EndGlobalSection
EndGlobal
